
Microsoft Visual Studio Solution File, Format Version 12.00
# Visual Studio Version 17
VisualStudioVersion = 17.8.34322.80
MinimumVisualStudioVersion = 10.0.40219.1
Project("{9A19103F-16F7-4668-BE54-9A1E7A4F7556}") = "Houston.Bot", "Houston.Bot\Houston.Bot.csproj", "{5479D473-F5F8-4950-9D20-60A90EE1EF1D}"
EndProject
Project("{FAE04EC0-301F-11D3-BF4B-00C04F79EFBC}") = "Houston.Database", "Houston.Database\Houston.Database.csproj", "{9C21E6BC-F0E0-4BFC-A7EE-0D72BB68DE85}"
EndProject
Global
	GlobalSection(SolutionConfigurationPlatforms) = preSolution
		Debug|Any CPU = Debug|Any CPU
		Release|Any CPU = Release|Any CPU
	EndGlobalSection
	GlobalSection(ProjectConfigurationPlatforms) = postSolution
		{5479D473-F5F8-4950-9D20-60A90EE1EF1D}.Debug|Any CPU.ActiveCfg = Debug|Any CPU
		{5479D473-F5F8-4950-9D20-60A90EE1EF1D}.Debug|Any CPU.Build.0 = Debug|Any CPU
		{5479D473-F5F8-4950-9D20-60A90EE1EF1D}.Release|Any CPU.ActiveCfg = Release|Any CPU
		{5479D473-F5F8-4950-9D20-60A90EE1EF1D}.Release|Any CPU.Build.0 = Release|Any CPU
		{9C21E6BC-F0E0-4BFC-A7EE-0D72BB68DE85}.Debug|Any CPU.ActiveCfg = Debug|Any CPU
		{9C21E6BC-F0E0-4BFC-A7EE-0D72BB68DE85}.Debug|Any CPU.Build.0 = Debug|Any CPU
		{9C21E6BC-F0E0-4BFC-A7EE-0D72BB68DE85}.Release|Any CPU.ActiveCfg = Release|Any CPU
		{9C21E6BC-F0E0-4BFC-A7EE-0D72BB68DE85}.Release|Any CPU.Build.0 = Release|Any CPU
	EndGlobalSection
	GlobalSection(SolutionProperties) = preSolution
		HideSolutionNode = FALSE
	EndGlobalSection
	GlobalSection(ExtensibilityGlobals) = postSolution
		SolutionGuid = {6196E97B-5113-40E1-8464-B4CACEEEC176}
	EndGlobalSection
EndGlobal
